
Microsoft Visual Studio Solution File, Format Version 12.00
# Visual Studio Version 16
VisualStudioVersion = 16.0.30907.101
MinimumVisualStudioVersion = 10.0.40219.1
Project("{FAE04EC0-301F-11D3-BF4B-00C04F79EFBC}") = "MomentoPattern", "MomentoPattern.csproj", "{6875610D-46A0-40AB-B509-48FCEECBBA58}"
EndProject
Global
	GlobalSection(SolutionConfigurationPlatforms) = preSolution
		Debug|Any CPU = Debug|Any CPU
		Release|Any CPU = Release|Any CPU
	EndGlobalSection
	GlobalSection(ProjectConfigurationPlatforms) = postSolution
		{6875610D-46A0-40AB-B509-48FCEECBBA58}.Debug|Any CPU.ActiveCfg = Debug|Any CPU
		{6875610D-46A0-40AB-B509-48FCEECBBA58}.Debug|Any CPU.Build.0 = Debug|Any CPU
		{6875610D-46A0-40AB-B509-48FCEECBBA58}.Release|Any CPU.ActiveCfg = Release|Any CPU
		{6875610D-46A0-40AB-B509-48FCEECBBA58}.Release|Any CPU.Build.0 = Release|Any CPU
	EndGlobalSection
	GlobalSection(SolutionProperties) = preSolution
		HideSolutionNode = FALSE
	EndGlobalSection
	GlobalSection(ExtensibilityGlobals) = postSolution
		SolutionGuid = {CE4BA278-A862-4F7B-83C0-FF692D1522C1}
	EndGlobalSection
EndGlobal
